
Microsoft Visual Studio Solution File, Format Version 12.00
# Visual Studio 15
VisualStudioVersion = 15.0.26430.14
MinimumVisualStudioVersion = 10.0.40219.1
Project("{FAE04EC0-301F-11D3-BF4B-00C04F79EFBC}") = "Censorship", "Censorship\Censorship.csproj", "{D20E5F72-2834-4D14-8586-C775FD57B3AC}"
EndProject
Project("{FAE04EC0-301F-11D3-BF4B-00C04F79EFBC}") = "EmailMe", "EmailMe\EmailMe.csproj", "{53808662-22D8-444C-B1ED-84AADA27AF9C}"
EndProject
Project("{FAE04EC0-301F-11D3-BF4B-00C04F79EFBC}") = "KarateStrings", "KarateStrings\KarateStrings.csproj", "{A67FF249-A0E7-4409-8CAD-BA5F37800B1C}"
EndProject
Project("{FAE04EC0-301F-11D3-BF4B-00C04F79EFBC}") = "EmailStatistics", "EmailStatistics\EmailStatistics.csproj", "{C9E34462-03C9-4A10-80D5-B6395654D820}"
EndProject
Project("{FAE04EC0-301F-11D3-BF4B-00C04F79EFBC}") = "Mines", "Mines\Mines.csproj", "{61338C94-3D0D-42B6-A5FE-27D88A0EB7CA}"
EndProject
Project("{FAE04EC0-301F-11D3-BF4B-00C04F79EFBC}") = "Hideout", "Hideout\Hideout.csproj", "{F74FDA3B-F89F-4D7D-AE30-2DA0EC7323C4}"
EndProject
Project("{FAE04EC0-301F-11D3-BF4B-00C04F79EFBC}") = "OnlyLetters", "OnlyLetters\OnlyLetters.csproj", "{3B8A4F58-C2C3-4F90-BAFE-8BD3EA985E75}"
EndProject
Project("{FAE04EC0-301F-11D3-BF4B-00C04F79EFBC}") = "MorseCodeUpgraded", "MorseCodeUpgraded\MorseCodeUpgraded.csproj", "{35BEA907-4542-4F61-AD29-0490DE80F162}"
EndProject
Global
	GlobalSection(SolutionConfigurationPlatforms) = preSolution
		Debug|Any CPU = Debug|Any CPU
		Release|Any CPU = Release|Any CPU
	EndGlobalSection
	GlobalSection(ProjectConfigurationPlatforms) = postSolution
		{D20E5F72-2834-4D14-8586-C775FD57B3AC}.Debug|Any CPU.ActiveCfg = Debug|Any CPU
		{D20E5F72-2834-4D14-8586-C775FD57B3AC}.Debug|Any CPU.Build.0 = Debug|Any CPU
		{D20E5F72-2834-4D14-8586-C775FD57B3AC}.Release|Any CPU.ActiveCfg = Release|Any CPU
		{D20E5F72-2834-4D14-8586-C775FD57B3AC}.Release|Any CPU.Build.0 = Release|Any CPU
		{53808662-22D8-444C-B1ED-84AADA27AF9C}.Debug|Any CPU.ActiveCfg = Debug|Any CPU
		{53808662-22D8-444C-B1ED-84AADA27AF9C}.Debug|Any CPU.Build.0 = Debug|Any CPU
		{53808662-22D8-444C-B1ED-84AADA27AF9C}.Release|Any CPU.ActiveCfg = Release|Any CPU
		{53808662-22D8-444C-B1ED-84AADA27AF9C}.Release|Any CPU.Build.0 = Release|Any CPU
		{A67FF249-A0E7-4409-8CAD-BA5F37800B1C}.Debug|Any CPU.ActiveCfg = Debug|Any CPU
		{A67FF249-A0E7-4409-8CAD-BA5F37800B1C}.Debug|Any CPU.Build.0 = Debug|Any CPU
		{A67FF249-A0E7-4409-8CAD-BA5F37800B1C}.Release|Any CPU.ActiveCfg = Release|Any CPU
		{A67FF249-A0E7-4409-8CAD-BA5F37800B1C}.Release|Any CPU.Build.0 = Release|Any CPU
		{C9E34462-03C9-4A10-80D5-B6395654D820}.Debug|Any CPU.ActiveCfg = Debug|Any CPU
		{C9E34462-03C9-4A10-80D5-B6395654D820}.Debug|Any CPU.Build.0 = Debug|Any CPU
		{C9E34462-03C9-4A10-80D5-B6395654D820}.Release|Any CPU.ActiveCfg = Release|Any CPU
		{C9E34462-03C9-4A10-80D5-B6395654D820}.Release|Any CPU.Build.0 = Release|Any CPU
		{61338C94-3D0D-42B6-A5FE-27D88A0EB7CA}.Debug|Any CPU.ActiveCfg = Debug|Any CPU
		{61338C94-3D0D-42B6-A5FE-27D88A0EB7CA}.Debug|Any CPU.Build.0 = Debug|Any CPU
		{61338C94-3D0D-42B6-A5FE-27D88A0EB7CA}.Release|Any CPU.ActiveCfg = Release|Any CPU
		{61338C94-3D0D-42B6-A5FE-27D88A0EB7CA}.Release|Any CPU.Build.0 = Release|Any CPU
		{F74FDA3B-F89F-4D7D-AE30-2DA0EC7323C4}.Debug|Any CPU.ActiveCfg = Debug|Any CPU
		{F74FDA3B-F89F-4D7D-AE30-2DA0EC7323C4}.Debug|Any CPU.Build.0 = Debug|Any CPU
		{F74FDA3B-F89F-4D7D-AE30-2DA0EC7323C4}.Release|Any CPU.ActiveCfg = Release|Any CPU
		{F74FDA3B-F89F-4D7D-AE30-2DA0EC7323C4}.Release|Any CPU.Build.0 = Release|Any CPU
		{3B8A4F58-C2C3-4F90-BAFE-8BD3EA985E75}.Debug|Any CPU.ActiveCfg = Debug|Any CPU
		{3B8A4F58-C2C3-4F90-BAFE-8BD3EA985E75}.Debug|Any CPU.Build.0 = Debug|Any CPU
		{3B8A4F58-C2C3-4F90-BAFE-8BD3EA985E75}.Release|Any CPU.ActiveCfg = Release|Any CPU
		{3B8A4F58-C2C3-4F90-BAFE-8BD3EA985E75}.Release|Any CPU.Build.0 = Release|Any CPU
		{35BEA907-4542-4F61-AD29-0490DE80F162}.Debug|Any CPU.ActiveCfg = Debug|Any CPU
		{35BEA907-4542-4F61-AD29-0490DE80F162}.Debug|Any CPU.Build.0 = Debug|Any CPU
		{35BEA907-4542-4F61-AD29-0490DE80F162}.Release|Any CPU.ActiveCfg = Release|Any CPU
		{35BEA907-4542-4F61-AD29-0490DE80F162}.Release|Any CPU.Build.0 = Release|Any CPU
	EndGlobalSection
	GlobalSection(SolutionProperties) = preSolution
		HideSolutionNode = FALSE
	EndGlobalSection
EndGlobal
